// !$*UTF8*$!
{
	archiveVersion = 1;
	classes = {
	};
	objectVersion = 52;
	objects = {

/* Begin PBXBuildFile section */
		5508E3FD23A4656000FFB173 /* TourneyTableViewModel.swift in Sources */ = {isa = PBXBuildFile; fileRef = 5508E3FC23A4656000FFB173 /* TourneyTableViewModel.swift */; };
		5509600023A30A5C006358EF /* PokerTracker.Configuration.swift in Sources */ = {isa = PBXBuildFile; fileRef = 55095FFF23A30A5C006358EF /* PokerTracker.Configuration.swift */; };
		5521A554239DD170000D1AD1 /* SharkScope.swift in Sources */ = {isa = PBXBuildFile; fileRef = 5521A553239DD170000D1AD1 /* SharkScope.swift */; };
		5521A557239DD5D9000D1AD1 /* LiveTourneyPlayer.swift in Sources */ = {isa = PBXBuildFile; fileRef = 5521A556239DD5D9000D1AD1 /* LiveTourneyPlayer.swift */; };
		5521A559239DE1A5000D1AD1 /* LiveTourneyTable.swift in Sources */ = {isa = PBXBuildFile; fileRef = 5521A558239DE1A5000D1AD1 /* LiveTourneyTable.swift */; };
		5521A55F239DF408000D1AD1 /* Entry.swift in Sources */ = {isa = PBXBuildFile; fileRef = 5521A55E239DF408000D1AD1 /* Entry.swift */; };
		5521A565239DF933000D1AD1 /* BasicPlayerStatistics.swift in Sources */ = {isa = PBXBuildFile; fileRef = 5521A564239DF933000D1AD1 /* BasicPlayerStatistics.swift */; };
		554E018A23AA828100CF2971 /* Statistics.swift in Sources */ = {isa = PBXBuildFile; fileRef = 554E018923AA828100CF2971 /* Statistics.swift */; };
		554E018C23AAB31900CF2971 /* DynamicCodingKey.swift in Sources */ = {isa = PBXBuildFile; fileRef = 554E018B23AAB31900CF2971 /* DynamicCodingKey.swift */; };
		555585DC23A2999500B603C1 /* Metadata.swift in Sources */ = {isa = PBXBuildFile; fileRef = 555585DB23A2999500B603C1 /* Metadata.swift */; };
		555D217123A84AE6006E7708 /* BadgerFishKeyDecodingStrategy.swift in Sources */ = {isa = PBXBuildFile; fileRef = 555D217023A84AE6006E7708 /* BadgerFishKeyDecodingStrategy.swift */; };
		555EA850239D3A62000B5B62 /* PostgresClientKit in Frameworks */ = {isa = PBXBuildFile; productRef = 555EA84F239D3A62000B5B62 /* PostgresClientKit */; };
		555EA852239D609E000B5B62 /* PokerTracker.swift in Sources */ = {isa = PBXBuildFile; fileRef = 555EA851239D609E000B5B62 /* PokerTracker.swift */; };
		55698B9B23AAE0020065125C /* ActiveTournamentsRequest.swift in Sources */ = {isa = PBXBuildFile; fileRef = 55698B9A23AAE0020065125C /* ActiveTournamentsRequest.swift */; };
		55698B9D23AAE27E0065125C /* ActiveTournaments.swift in Sources */ = {isa = PBXBuildFile; fileRef = 55698B9C23AAE27E0065125C /* ActiveTournaments.swift */; };
		55698BA023AAF0140065125C /* ApiError.swift in Sources */ = {isa = PBXBuildFile; fileRef = 55698B9F23AAF0140065125C /* ApiError.swift */; };
		556CAE1F23A9CB5700BBBEB4 /* TimelineRequest.swift in Sources */ = {isa = PBXBuildFile; fileRef = 5592684623A9CA1500045F89 /* TimelineRequest.swift */; };
		556CAE2023A9CB5900BBBEB4 /* Timeline.swift in Sources */ = {isa = PBXBuildFile; fileRef = 5592684823A9CA1500045F89 /* Timeline.swift */; };
		5574DAC823A68E8700569790 /* Request.swift in Sources */ = {isa = PBXBuildFile; fileRef = 5574DAC723A68E8700569790 /* Request.swift */; };
		5574DACA23A6933F00569790 /* MetadataRequest.swift in Sources */ = {isa = PBXBuildFile; fileRef = 5574DAC923A6933F00569790 /* MetadataRequest.swift */; };
		55840BF523A9B55D000B06FF /* StringRepresentable.swift in Sources */ = {isa = PBXBuildFile; fileRef = 55840BF423A9B55D000B06FF /* StringRepresentable.swift */; };
		55840BF723A9BA0B000B06FF /* StringRepresenting.swift in Sources */ = {isa = PBXBuildFile; fileRef = 55840BF623A9BA0B000B06FF /* StringRepresenting.swift */; };
		55840BFA23A9BE5D000B06FF /* UserInfo.swift in Sources */ = {isa = PBXBuildFile; fileRef = 55840BF923A9BE5D000B06FF /* UserInfo.swift */; };
		55840BFC23A9BF94000B06FF /* Response.swift in Sources */ = {isa = PBXBuildFile; fileRef = 55840BFB23A9BF94000B06FF /* Response.swift */; };
		55840BFF23A9C082000B06FF /* RootResponse.swift in Sources */ = {isa = PBXBuildFile; fileRef = 55840BFE23A9C082000B06FF /* RootResponse.swift */; };
		5587DB4423A497740079BB30 /* Player.swift in Sources */ = {isa = PBXBuildFile; fileRef = 5587DB4323A497740079BB30 /* Player.swift */; };
		558D35D6239F28F6006C710D /* XMLCoder in Frameworks */ = {isa = PBXBuildFile; productRef = 558D35D5239F28F6006C710D /* XMLCoder */; };
		558D35E2239F3C58006C710D /* Metadata.json in Resources */ = {isa = PBXBuildFile; fileRef = 558D35E1239F3C58006C710D /* Metadata.json */; };
		558D35E5239F42AE006C710D /* PlayerSummary.json in Resources */ = {isa = PBXBuildFile; fileRef = 558D35E4239F42AE006C710D /* PlayerSummary.json */; };
		55A307E1239C8E88008B0EA4 /* BasicPlayerStatisticsQuery.sql in Resources */ = {isa = PBXBuildFile; fileRef = 55A307E0239C8E88008B0EA4 /* BasicPlayerStatisticsQuery.sql */; };
		55AE8F7F23A5F305006BF2B9 /* WindowTracker.swift in Sources */ = {isa = PBXBuildFile; fileRef = 55AE8F7E23A5F305006BF2B9 /* WindowTracker.swift */; };
		55C1868F239583DA0081B6B7 /* AppDelegate.swift in Sources */ = {isa = PBXBuildFile; fileRef = 55C1868E239583DA0081B6B7 /* AppDelegate.swift */; };
		55C18691239583DA0081B6B7 /* TourneyTableViewController.swift in Sources */ = {isa = PBXBuildFile; fileRef = 55C18690239583DA0081B6B7 /* TourneyTableViewController.swift */; };
		55C18693239583DC0081B6B7 /* Assets.xcassets in Resources */ = {isa = PBXBuildFile; fileRef = 55C18692239583DC0081B6B7 /* Assets.xcassets */; };
		55C18696239583DD0081B6B7 /* Main.storyboard in Resources */ = {isa = PBXBuildFile; fileRef = 55C18694239583DD0081B6B7 /* Main.storyboard */; };
		55C8498623A3309F00452F2F /* Notes.swift in Sources */ = {isa = PBXBuildFile; fileRef = 55C8498523A3309F00452F2F /* Notes.swift */; };
		55C8498723A3354900452F2F /* PokerTracker.Configuration.plist in Resources */ = {isa = PBXBuildFile; fileRef = 5509600223A30AEB006358EF /* PokerTracker.Configuration.plist */; };
		55DB43E523A2DB4D00A7F37F /* RequestCache.swift in Sources */ = {isa = PBXBuildFile; fileRef = 55DB43E423A2DB4D00A7F37F /* RequestCache.swift */; };
		55DB43E723A2E57C00A7F37F /* SharkScope.Configuration.plist in Resources */ = {isa = PBXBuildFile; fileRef = 55DB43E623A2E57C00A7F37F /* SharkScope.Configuration.plist */; };
		55DB43E923A2E62000A7F37F /* SharkScope.Configuration.swift in Sources */ = {isa = PBXBuildFile; fileRef = 55DB43E823A2E62000A7F37F /* SharkScope.Configuration.swift */; };
		55E4D43823A7FAD600F33066 /* PlayerSummaryRequest.swift in Sources */ = {isa = PBXBuildFile; fileRef = 55E4D43723A7FAD600F33066 /* PlayerSummaryRequest.swift */; };
		55E4D43A23A7FC0F00F33066 /* PlayerSummary.swift in Sources */ = {isa = PBXBuildFile; fileRef = 55E4D43923A7FC0F00F33066 /* PlayerSummary.swift */; };
		55ED3CD423A54B0C00754763 /* Query.swift in Sources */ = {isa = PBXBuildFile; fileRef = 55ED3CD323A54B0C00754763 /* Query.swift */; };
		55ED3CD623A551E100754763 /* LiveTourneyTableQuery.swift in Sources */ = {isa = PBXBuildFile; fileRef = 55ED3CD523A551E100754763 /* LiveTourneyTableQuery.swift */; };
		55ED3CDA23A5539D00754763 /* LiveTourneyPlayerQuery.swift in Sources */ = {isa = PBXBuildFile; fileRef = 55ED3CD923A5539D00754763 /* LiveTourneyPlayerQuery.swift */; };
		55ED3CDD23A553EC00754763 /* BasicPlayerStatisticsQuery.swift in Sources */ = {isa = PBXBuildFile; fileRef = 55ED3CDC23A553EC00754763 /* BasicPlayerStatisticsQuery.swift */; };
		55ED3CE023A5543A00754763 /* PlayerQuery.swift in Sources */ = {isa = PBXBuildFile; fileRef = 55ED3CDF23A5543A00754763 /* PlayerQuery.swift */; };
/* End PBXBuildFile section */

/* Begin PBXFileReference section */
		5508E3FC23A4656000FFB173 /* TourneyTableViewModel.swift */ = {isa = PBXFileReference; lastKnownFileType = sourcecode.swift; path = TourneyTableViewModel.swift; sourceTree = "<group>"; };
		55095FFF23A30A5C006358EF /* PokerTracker.Configuration.swift */ = {isa = PBXFileReference; lastKnownFileType = sourcecode.swift; path = PokerTracker.Configuration.swift; sourceTree = "<group>"; };
		5509600223A30AEB006358EF /* PokerTracker.Configuration.plist */ = {isa = PBXFileReference; lastKnownFileType = text.plist.xml; path = PokerTracker.Configuration.plist; sourceTree = "<group>"; };
		5521A553239DD170000D1AD1 /* SharkScope.swift */ = {isa = PBXFileReference; lastKnownFileType = sourcecode.swift; path = SharkScope.swift; sourceTree = "<group>"; };
		5521A556239DD5D9000D1AD1 /* LiveTourneyPlayer.swift */ = {isa = PBXFileReference; lastKnownFileType = sourcecode.swift; path = LiveTourneyPlayer.swift; sourceTree = "<group>"; };
		5521A558239DE1A5000D1AD1 /* LiveTourneyTable.swift */ = {isa = PBXFileReference; lastKnownFileType = sourcecode.swift; path = LiveTourneyTable.swift; sourceTree = "<group>"; };
		5521A55E239DF408000D1AD1 /* Entry.swift */ = {isa = PBXFileReference; lastKnownFileType = sourcecode.swift; path = Entry.swift; sourceTree = "<group>"; };
		5521A564239DF933000D1AD1 /* BasicPlayerStatistics.swift */ = {isa = PBXFileReference; lastKnownFileType = sourcecode.swift; path = BasicPlayerStatistics.swift; sourceTree = "<group>"; };
		554E018923AA828100CF2971 /* Statistics.swift */ = {isa = PBXFileReference; lastKnownFileType = sourcecode.swift; path = Statistics.swift; sourceTree = "<group>"; };
		554E018B23AAB31900CF2971 /* DynamicCodingKey.swift */ = {isa = PBXFileReference; lastKnownFileType = sourcecode.swift; path = DynamicCodingKey.swift; sourceTree = "<group>"; };
		555585DB23A2999500B603C1 /* Metadata.swift */ = {isa = PBXFileReference; lastKnownFileType = sourcecode.swift; path = Metadata.swift; sourceTree = "<group>"; };
		555D217023A84AE6006E7708 /* BadgerFishKeyDecodingStrategy.swift */ = {isa = PBXFileReference; lastKnownFileType = sourcecode.swift; path = BadgerFishKeyDecodingStrategy.swift; sourceTree = "<group>"; usesTabs = 0; };
		555EA851239D609E000B5B62 /* PokerTracker.swift */ = {isa = PBXFileReference; lastKnownFileType = sourcecode.swift; path = PokerTracker.swift; sourceTree = "<group>"; };
		555EA853239D6F19000B5B62 /* CHANGELOG.md */ = {isa = PBXFileReference; lastKnownFileType = net.daringfireball.markdown; path = CHANGELOG.md; sourceTree = "<group>"; };
		55698B9A23AAE0020065125C /* ActiveTournamentsRequest.swift */ = {isa = PBXFileReference; lastKnownFileType = sourcecode.swift; path = ActiveTournamentsRequest.swift; sourceTree = "<group>"; };
		55698B9C23AAE27E0065125C /* ActiveTournaments.swift */ = {isa = PBXFileReference; lastKnownFileType = sourcecode.swift; path = ActiveTournaments.swift; sourceTree = "<group>"; };
		55698B9F23AAF0140065125C /* ApiError.swift */ = {isa = PBXFileReference; lastKnownFileType = sourcecode.swift; path = ApiError.swift; sourceTree = "<group>"; };
		5574DAC723A68E8700569790 /* Request.swift */ = {isa = PBXFileReference; lastKnownFileType = sourcecode.swift; path = Request.swift; sourceTree = "<group>"; };
		5574DAC923A6933F00569790 /* MetadataRequest.swift */ = {isa = PBXFileReference; lastKnownFileType = sourcecode.swift; path = MetadataRequest.swift; sourceTree = "<group>"; };
		55840BF423A9B55D000B06FF /* StringRepresentable.swift */ = {isa = PBXFileReference; lastKnownFileType = sourcecode.swift; path = StringRepresentable.swift; sourceTree = "<group>"; };
		55840BF623A9BA0B000B06FF /* StringRepresenting.swift */ = {isa = PBXFileReference; lastKnownFileType = sourcecode.swift; path = StringRepresenting.swift; sourceTree = "<group>"; };
		55840BF923A9BE5D000B06FF /* UserInfo.swift */ = {isa = PBXFileReference; lastKnownFileType = sourcecode.swift; path = UserInfo.swift; sourceTree = "<group>"; };
		55840BFB23A9BF94000B06FF /* Response.swift */ = {isa = PBXFileReference; lastKnownFileType = sourcecode.swift; path = Response.swift; sourceTree = "<group>"; };
		55840BFE23A9C082000B06FF /* RootResponse.swift */ = {isa = PBXFileReference; lastKnownFileType = sourcecode.swift; path = RootResponse.swift; sourceTree = "<group>"; };
		5587DB4323A497740079BB30 /* Player.swift */ = {isa = PBXFileReference; lastKnownFileType = sourcecode.swift; path = Player.swift; sourceTree = "<group>"; };
		558D35E1239F3C58006C710D /* Metadata.json */ = {isa = PBXFileReference; lastKnownFileType = text.json; path = Metadata.json; sourceTree = "<group>"; };
		558D35E4239F42AE006C710D /* PlayerSummary.json */ = {isa = PBXFileReference; lastKnownFileType = text.json; path = PlayerSummary.json; sourceTree = "<group>"; };
		5592684623A9CA1500045F89 /* TimelineRequest.swift */ = {isa = PBXFileReference; lastKnownFileType = sourcecode.swift; path = TimelineRequest.swift; sourceTree = "<group>"; };
		5592684723A9CA1500045F89 /* Timeline.json */ = {isa = PBXFileReference; lastKnownFileType = text.json; path = Timeline.json; sourceTree = "<group>"; };
		5592684823A9CA1500045F89 /* Timeline.swift */ = {isa = PBXFileReference; lastKnownFileType = sourcecode.swift; path = Timeline.swift; sourceTree = "<group>"; };
		55A307E0239C8E88008B0EA4 /* BasicPlayerStatisticsQuery.sql */ = {isa = PBXFileReference; lastKnownFileType = text; path = BasicPlayerStatisticsQuery.sql; sourceTree = "<group>"; };
		55AE8F7E23A5F305006BF2B9 /* WindowTracker.swift */ = {isa = PBXFileReference; lastKnownFileType = sourcecode.swift; path = WindowTracker.swift; sourceTree = "<group>"; };
		55C1868B239583DA0081B6B7 /* Ranger.app */ = {isa = PBXFileReference; explicitFileType = wrapper.application; includeInIndex = 0; path = Ranger.app; sourceTree = BUILT_PRODUCTS_DIR; };
		55C1868E239583DA0081B6B7 /* AppDelegate.swift */ = {isa = PBXFileReference; lastKnownFileType = sourcecode.swift; path = AppDelegate.swift; sourceTree = "<group>"; };
		55C18690239583DA0081B6B7 /* TourneyTableViewController.swift */ = {isa = PBXFileReference; lastKnownFileType = sourcecode.swift; path = TourneyTableViewController.swift; sourceTree = "<group>"; };
		55C18692239583DC0081B6B7 /* Assets.xcassets */ = {isa = PBXFileReference; lastKnownFileType = folder.assetcatalog; path = Assets.xcassets; sourceTree = "<group>"; };
		55C18695239583DD0081B6B7 /* Base */ = {isa = PBXFileReference; lastKnownFileType = file.storyboard; name = Base; path = Base.lproj/Main.storyboard; sourceTree = "<group>"; };
		55C18697239583DD0081B6B7 /* Info.plist */ = {isa = PBXFileReference; lastKnownFileType = text.plist.xml; path = Info.plist; sourceTree = "<group>"; };
		55C18698239583DD0081B6B7 /* Ranger.entitlements */ = {isa = PBXFileReference; lastKnownFileType = text.plist.entitlements; path = Ranger.entitlements; sourceTree = "<group>"; };
		55C8498523A3309F00452F2F /* Notes.swift */ = {isa = PBXFileReference; lastKnownFileType = sourcecode.swift; path = Notes.swift; sourceTree = "<group>"; };
		55DB43E423A2DB4D00A7F37F /* RequestCache.swift */ = {isa = PBXFileReference; lastKnownFileType = sourcecode.swift; path = RequestCache.swift; sourceTree = "<group>"; };
		55DB43E623A2E57C00A7F37F /* SharkScope.Configuration.plist */ = {isa = PBXFileReference; lastKnownFileType = text.plist.xml; path = SharkScope.Configuration.plist; sourceTree = "<group>"; };
		55DB43E823A2E62000A7F37F /* SharkScope.Configuration.swift */ = {isa = PBXFileReference; lastKnownFileType = sourcecode.swift; path = SharkScope.Configuration.swift; sourceTree = "<group>"; };
		55E4D43723A7FAD600F33066 /* PlayerSummaryRequest.swift */ = {isa = PBXFileReference; lastKnownFileType = sourcecode.swift; path = PlayerSummaryRequest.swift; sourceTree = "<group>"; };
		55E4D43923A7FC0F00F33066 /* PlayerSummary.swift */ = {isa = PBXFileReference; lastKnownFileType = sourcecode.swift; path = PlayerSummary.swift; sourceTree = "<group>"; };
		55ED3CD323A54B0C00754763 /* Query.swift */ = {isa = PBXFileReference; lastKnownFileType = sourcecode.swift; path = Query.swift; sourceTree = "<group>"; };
		55ED3CD523A551E100754763 /* LiveTourneyTableQuery.swift */ = {isa = PBXFileReference; lastKnownFileType = sourcecode.swift; path = LiveTourneyTableQuery.swift; sourceTree = "<group>"; };
		55ED3CD923A5539D00754763 /* LiveTourneyPlayerQuery.swift */ = {isa = PBXFileReference; lastKnownFileType = sourcecode.swift; path = LiveTourneyPlayerQuery.swift; sourceTree = "<group>"; };
		55ED3CDC23A553EC00754763 /* BasicPlayerStatisticsQuery.swift */ = {isa = PBXFileReference; lastKnownFileType = sourcecode.swift; path = BasicPlayerStatisticsQuery.swift; sourceTree = "<group>"; };
		55ED3CDF23A5543A00754763 /* PlayerQuery.swift */ = {isa = PBXFileReference; lastKnownFileType = sourcecode.swift; path = PlayerQuery.swift; sourceTree = "<group>"; };
/* End PBXFileReference section */

/* Begin PBXFrameworksBuildPhase section */
		55C18688239583DA0081B6B7 /* Frameworks */ = {
			isa = PBXFrameworksBuildPhase;
			buildActionMask = 2147483647;
			files = (
				558D35D6239F28F6006C710D /* XMLCoder in Frameworks */,
				555EA850239D3A62000B5B62 /* PostgresClientKit in Frameworks */,
			);
			runOnlyForDeploymentPostprocessing = 0;
		};
/* End PBXFrameworksBuildPhase section */

/* Begin PBXGroup section */
		5508E3FE23A4754B00FFB173 /* Services */ = {
			isa = PBXGroup;
			children = (
				55AE8F7D23A5F2DD006BF2B9 /* WindowTracker */,
				55B229BB239E9617003EA63B /* SharkScope */,
				5521A555239DD5C4000D1AD1 /* PokerTracker */,
			);
			path = Services;
			sourceTree = "<group>";
		};
		5508E3FF23A4756200FFB173 /* UI */ = {
			isa = PBXGroup;
			children = (
				55C18690239583DA0081B6B7 /* TourneyTableViewController.swift */,
				5508E3FC23A4656000FFB173 /* TourneyTableViewModel.swift */,
			);
			path = UI;
			sourceTree = "<group>";
		};
		5509600123A30A64006358EF /* Configuration */ = {
			isa = PBXGroup;
			children = (
				5509600223A30AEB006358EF /* PokerTracker.Configuration.plist */,
				55095FFF23A30A5C006358EF /* PokerTracker.Configuration.swift */,
			);
			path = Configuration;
			sourceTree = "<group>";
		};
		5521A555239DD5C4000D1AD1 /* PokerTracker */ = {
			isa = PBXGroup;
			children = (
				555EA851239D609E000B5B62 /* PokerTracker.swift */,
				5509600123A30A64006358EF /* Configuration */,
				5521A562239DF7D6000D1AD1 /* Model */,
			);
			path = PokerTracker;
			sourceTree = "<group>";
		};
		5521A562239DF7D6000D1AD1 /* Model */ = {
			isa = PBXGroup;
			children = (
				5521A55E239DF408000D1AD1 /* Entry.swift */,
				55ED3CD323A54B0C00754763 /* Query.swift */,
				55ED3CDE23A5542A00754763 /* Player */,
				55ED3CDB23A553E600754763 /* BasicPlayerStatistics */,
				55ED3CD823A5538E00754763 /* LiveTourneyPlayer */,
				55ED3CD723A5537700754763 /* LiveTourneyTable */,
			);
			path = Model;
			sourceTree = "<group>";
		};
		554E018823AA826C00CF2971 /* PlayerResponse */ = {
			isa = PBXGroup;
			children = (
				554E018923AA828100CF2971 /* Statistics.swift */,
			);
			path = PlayerResponse;
			sourceTree = "<group>";
		};
		55698B9923AADFCC0065125C /* ActiveTournaments */ = {
			isa = PBXGroup;
			children = (
				55698B9C23AAE27E0065125C /* ActiveTournaments.swift */,
				55698B9A23AAE0020065125C /* ActiveTournamentsRequest.swift */,
			);
			path = ActiveTournaments;
			sourceTree = "<group>";
		};
		5574DAC623A68DD400569790 /* Model */ = {
			isa = PBXGroup;
			children = (
				55840BFD23A9C065000B06FF /* RootResponse */,
				5574DAC723A68E8700569790 /* Request.swift */,
				55DB43E423A2DB4D00A7F37F /* RequestCache.swift */,
				55840BF423A9B55D000B06FF /* StringRepresentable.swift */,
				55840BF623A9BA0B000B06FF /* StringRepresenting.swift */,
				555D217023A84AE6006E7708 /* BadgerFishKeyDecodingStrategy.swift */,
				554E018B23AAB31900CF2971 /* DynamicCodingKey.swift */,
				55698B9F23AAF0140065125C /* ApiError.swift */,
			);
			path = Model;
			sourceTree = "<group>";
		};
		55840BFD23A9C065000B06FF /* RootResponse */ = {
			isa = PBXGroup;
			children = (
				55840BFE23A9C082000B06FF /* RootResponse.swift */,
				55840BFB23A9BF94000B06FF /* Response.swift */,
				55840BF923A9BE5D000B06FF /* UserInfo.swift */,
			);
			path = RootResponse;
			sourceTree = "<group>";
		};
		558D35E0239F3C45006C710D /* Metadata */ = {
			isa = PBXGroup;
			children = (
				558D35E1239F3C58006C710D /* Metadata.json */,
				555585DB23A2999500B603C1 /* Metadata.swift */,
				5574DAC923A6933F00569790 /* MetadataRequest.swift */,
			);
			path = Metadata;
			sourceTree = "<group>";
		};
		558D35E3239F4299006C710D /* PlayerSummary */ = {
			isa = PBXGroup;
			children = (
				554E018823AA826C00CF2971 /* PlayerResponse */,
				558D35E4239F42AE006C710D /* PlayerSummary.json */,
				55E4D43923A7FC0F00F33066 /* PlayerSummary.swift */,
				55E4D43723A7FAD600F33066 /* PlayerSummaryRequest.swift */,
			);
			path = PlayerSummary;
			sourceTree = "<group>";
		};
		5592684523A9CA0900045F89 /* Timeline */ = {
			isa = PBXGroup;
			children = (
				5592684723A9CA1500045F89 /* Timeline.json */,
				5592684823A9CA1500045F89 /* Timeline.swift */,
				5592684623A9CA1500045F89 /* TimelineRequest.swift */,
			);
			path = Timeline;
			sourceTree = "<group>";
		};
		55AE8F7D23A5F2DD006BF2B9 /* WindowTracker */ = {
			isa = PBXGroup;
			children = (
				55AE8F7E23A5F305006BF2B9 /* WindowTracker.swift */,
			);
			path = WindowTracker;
			sourceTree = "<group>";
		};
		55B229BB239E9617003EA63B /* SharkScope */ = {
			isa = PBXGroup;
			children = (
				5521A553239DD170000D1AD1 /* SharkScope.swift */,
				55DB43EA23A2E6ED00A7F37F /* Configuration */,
				5574DAC623A68DD400569790 /* Model */,
				558D35E0239F3C45006C710D /* Metadata */,
				558D35E3239F4299006C710D /* PlayerSummary */,
				55698B9923AADFCC0065125C /* ActiveTournaments */,
				5592684523A9CA0900045F89 /* Timeline */,
			);
			path = SharkScope;
			sourceTree = "<group>";
		};
		55C18682239583D90081B6B7 = {
			isa = PBXGroup;
			children = (
				555EA853239D6F19000B5B62 /* CHANGELOG.md */,
				55C1868D239583DA0081B6B7 /* Ranger */,
				55C1868C239583DA0081B6B7 /* Products */,
			);
			sourceTree = "<group>";
		};
		55C1868C239583DA0081B6B7 /* Products */ = {
			isa = PBXGroup;
			children = (
				55C1868B239583DA0081B6B7 /* Ranger.app */,
			);
			name = Products;
			sourceTree = "<group>";
		};
		55C1868D239583DA0081B6B7 /* Ranger */ = {
			isa = PBXGroup;
			children = (
				5508E3FF23A4756200FFB173 /* UI */,
				55C8498423A3307D00452F2F /* Notes */,
				5508E3FE23A4754B00FFB173 /* Services */,
				55C1868E239583DA0081B6B7 /* AppDelegate.swift */,
				55C18692239583DC0081B6B7 /* Assets.xcassets */,
				55C18694239583DD0081B6B7 /* Main.storyboard */,
				55C18697239583DD0081B6B7 /* Info.plist */,
				55C18698239583DD0081B6B7 /* Ranger.entitlements */,
			);
			path = Ranger;
			sourceTree = "<group>";
		};
		55C8498423A3307D00452F2F /* Notes */ = {
			isa = PBXGroup;
			children = (
				55C8498523A3309F00452F2F /* Notes.swift */,
			);
			path = Notes;
			sourceTree = "<group>";
		};
		55DB43EA23A2E6ED00A7F37F /* Configuration */ = {
			isa = PBXGroup;
			children = (
				55DB43E623A2E57C00A7F37F /* SharkScope.Configuration.plist */,
				55DB43E823A2E62000A7F37F /* SharkScope.Configuration.swift */,
			);
			path = Configuration;
			sourceTree = "<group>";
		};
		55ED3CD723A5537700754763 /* LiveTourneyTable */ = {
			isa = PBXGroup;
			children = (
				5521A558239DE1A5000D1AD1 /* LiveTourneyTable.swift */,
				55ED3CD523A551E100754763 /* LiveTourneyTableQuery.swift */,
			);
			path = LiveTourneyTable;
			sourceTree = "<group>";
		};
		55ED3CD823A5538E00754763 /* LiveTourneyPlayer */ = {
			isa = PBXGroup;
			children = (
				5521A556239DD5D9000D1AD1 /* LiveTourneyPlayer.swift */,
				55ED3CD923A5539D00754763 /* LiveTourneyPlayerQuery.swift */,
			);
			path = LiveTourneyPlayer;
			sourceTree = "<group>";
		};
		55ED3CDB23A553E600754763 /* BasicPlayerStatistics */ = {
			isa = PBXGroup;
			children = (
				5521A564239DF933000D1AD1 /* BasicPlayerStatistics.swift */,
				55ED3CDC23A553EC00754763 /* BasicPlayerStatisticsQuery.swift */,
				55A307E0239C8E88008B0EA4 /* BasicPlayerStatisticsQuery.sql */,
			);
			path = BasicPlayerStatistics;
			sourceTree = "<group>";
		};
		55ED3CDE23A5542A00754763 /* Player */ = {
			isa = PBXGroup;
			children = (
				5587DB4323A497740079BB30 /* Player.swift */,
				55ED3CDF23A5543A00754763 /* PlayerQuery.swift */,
			);
			path = Player;
			sourceTree = "<group>";
		};
/* End PBXGroup section */

/* Begin PBXNativeTarget section */
		55C1868A239583DA0081B6B7 /* Ranger */ = {
			isa = PBXNativeTarget;
			buildConfigurationList = 55C1869B239583DD0081B6B7 /* Build configuration list for PBXNativeTarget "Ranger" */;
			buildPhases = (
				55C18687239583DA0081B6B7 /* Sources */,
				55C18688239583DA0081B6B7 /* Frameworks */,
				55C18689239583DA0081B6B7 /* Resources */,
			);
			buildRules = (
			);
			dependencies = (
			);
			name = Ranger;
			packageProductDependencies = (
				555EA84F239D3A62000B5B62 /* PostgresClientKit */,
				558D35D5239F28F6006C710D /* XMLCoder */,
			);
			productName = Ranger;
			productReference = 55C1868B239583DA0081B6B7 /* Ranger.app */;
			productType = "com.apple.product-type.application";
		};
/* End PBXNativeTarget section */

/* Begin PBXProject section */
		55C18683239583D90081B6B7 /* Project object */ = {
			isa = PBXProject;
			attributes = {
				LastSwiftUpdateCheck = 0940;
				LastUpgradeCheck = 1120;
				ORGANIZATIONNAME = "Geri Borbás";
				TargetAttributes = {
					55C1868A239583DA0081B6B7 = {
						CreatedOnToolsVersion = 9.4;
						LastSwiftMigration = 1130;
					};
				};
			};
			buildConfigurationList = 55C18686239583DA0081B6B7 /* Build configuration list for PBXProject "Ranger" */;
			compatibilityVersion = "Xcode 9.3";
			developmentRegion = en;
			hasScannedForEncodings = 0;
			knownRegions = (
				en,
				Base,
			);
			mainGroup = 55C18682239583D90081B6B7;
			packageReferences = (
				555EA84E239D3A62000B5B62 /* XCRemoteSwiftPackageReference "PostgresClientKit" */,
				558D35D4239F28F6006C710D /* XCRemoteSwiftPackageReference "XMLCoder" */,
			);
			productRefGroup = 55C1868C239583DA0081B6B7 /* Products */;
			projectDirPath = "";
			projectRoot = "";
			targets = (
				55C1868A239583DA0081B6B7 /* Ranger */,
			);
		};
/* End PBXProject section */

/* Begin PBXResourcesBuildPhase section */
		55C18689239583DA0081B6B7 /* Resources */ = {
			isa = PBXResourcesBuildPhase;
			buildActionMask = 2147483647;
			files = (
				55C18693239583DC0081B6B7 /* Assets.xcassets in Resources */,
				55C18696239583DD0081B6B7 /* Main.storyboard in Resources */,
				558D35E5239F42AE006C710D /* PlayerSummary.json in Resources */,
				55DB43E723A2E57C00A7F37F /* SharkScope.Configuration.plist in Resources */,
				55A307E1239C8E88008B0EA4 /* BasicPlayerStatisticsQuery.sql in Resources */,
				558D35E2239F3C58006C710D /* Metadata.json in Resources */,
				55C8498723A3354900452F2F /* PokerTracker.Configuration.plist in Resources */,
			);
			runOnlyForDeploymentPostprocessing = 0;
		};
/* End PBXResourcesBuildPhase section */

/* Begin PBXSourcesBuildPhase section */
		55C18687239583DA0081B6B7 /* Sources */ = {
			isa = PBXSourcesBuildPhase;
			buildActionMask = 2147483647;
			files = (
				5574DAC823A68E8700569790 /* Request.swift in Sources */,
				55C18691239583DA0081B6B7 /* TourneyTableViewController.swift in Sources */,
				55ED3CE023A5543A00754763 /* PlayerQuery.swift in Sources */,
				55ED3CD623A551E100754763 /* LiveTourneyTableQuery.swift in Sources */,
				55840BFC23A9BF94000B06FF /* Response.swift in Sources */,
				55E4D43823A7FAD600F33066 /* PlayerSummaryRequest.swift in Sources */,
				55698B9B23AAE0020065125C /* ActiveTournamentsRequest.swift in Sources */,
				55840BFA23A9BE5D000B06FF /* UserInfo.swift in Sources */,
				55C1868F239583DA0081B6B7 /* AppDelegate.swift in Sources */,
				556CAE2023A9CB5900BBBEB4 /* Timeline.swift in Sources */,
				55840BF523A9B55D000B06FF /* StringRepresentable.swift in Sources */,
				55E4D43A23A7FC0F00F33066 /* PlayerSummary.swift in Sources */,
				5521A565239DF933000D1AD1 /* BasicPlayerStatistics.swift in Sources */,
				5574DACA23A6933F00569790 /* MetadataRequest.swift in Sources */,
				5521A557239DD5D9000D1AD1 /* LiveTourneyPlayer.swift in Sources */,
				55ED3CDD23A553EC00754763 /* BasicPlayerStatisticsQuery.swift in Sources */,
				55DB43E923A2E62000A7F37F /* SharkScope.Configuration.swift in Sources */,
				55DB43E523A2DB4D00A7F37F /* RequestCache.swift in Sources */,
				55698BA023AAF0140065125C /* ApiError.swift in Sources */,
				5509600023A30A5C006358EF /* PokerTracker.Configuration.swift in Sources */,
				5521A554239DD170000D1AD1 /* SharkScope.swift in Sources */,
				555EA852239D609E000B5B62 /* PokerTracker.swift in Sources */,
				55AE8F7F23A5F305006BF2B9 /* WindowTracker.swift in Sources */,
				55ED3CD423A54B0C00754763 /* Query.swift in Sources */,
				5521A55F239DF408000D1AD1 /* Entry.swift in Sources */,
				55840BFF23A9C082000B06FF /* RootResponse.swift in Sources */,
				5508E3FD23A4656000FFB173 /* TourneyTableViewModel.swift in Sources */,
				55C8498623A3309F00452F2F /* Notes.swift in Sources */,
				554E018C23AAB31900CF2971 /* DynamicCodingKey.swift in Sources */,
				5521A559239DE1A5000D1AD1 /* LiveTourneyTable.swift in Sources */,
				554E018A23AA828100CF2971 /* Statistics.swift in Sources */,
				55ED3CDA23A5539D00754763 /* LiveTourneyPlayerQuery.swift in Sources */,
				555585DC23A2999500B603C1 /* Metadata.swift in Sources */,
				55698B9D23AAE27E0065125C /* ActiveTournaments.swift in Sources */,
				555D217123A84AE6006E7708 /* BadgerFishKeyDecodingStrategy.swift in Sources */,
				55840BF723A9BA0B000B06FF /* StringRepresenting.swift in Sources */,
				556CAE1F23A9CB5700BBBEB4 /* TimelineRequest.swift in Sources */,
				5587DB4423A497740079BB30 /* Player.swift in Sources */,
			);
			runOnlyForDeploymentPostprocessing = 0;
		};
/* End PBXSourcesBuildPhase section */

/* Begin PBXVariantGroup section */
		55C18694239583DD0081B6B7 /* Main.storyboard */ = {
			isa = PBXVariantGroup;
			children = (
				55C18695239583DD0081B6B7 /* Base */,
			);
			name = Main.storyboard;
			sourceTree = "<group>";
		};
/* End PBXVariantGroup section */

/* Begin XCBuildConfiguration section */
		55C18699239583DD0081B6B7 /* Debug */ = {
			isa = XCBuildConfiguration;
			buildSettings = {
				ALWAYS_SEARCH_USER_PATHS = NO;
				CLANG_ANALYZER_NONNULL = YES;
				CLANG_ANALYZER_NUMBER_OBJECT_CONVERSION = YES_AGGRESSIVE;
				CLANG_CXX_LANGUAGE_STANDARD = "gnu++14";
				CLANG_CXX_LIBRARY = "libc++";
				CLANG_ENABLE_MODULES = YES;
				CLANG_ENABLE_OBJC_ARC = YES;
				CLANG_ENABLE_OBJC_WEAK = YES;
				CLANG_WARN_BLOCK_CAPTURE_AUTORELEASING = YES;
				CLANG_WARN_BOOL_CONVERSION = YES;
				CLANG_WARN_COMMA = YES;
				CLANG_WARN_CONSTANT_CONVERSION = YES;
				CLANG_WARN_DEPRECATED_OBJC_IMPLEMENTATIONS = YES;
				CLANG_WARN_DIRECT_OBJC_ISA_USAGE = YES_ERROR;
				CLANG_WARN_DOCUMENTATION_COMMENTS = YES;
				CLANG_WARN_EMPTY_BODY = YES;
				CLANG_WARN_ENUM_CONVERSION = YES;
				CLANG_WARN_INFINITE_RECURSION = YES;
				CLANG_WARN_INT_CONVERSION = YES;
				CLANG_WARN_NON_LITERAL_NULL_CONVERSION = YES;
				CLANG_WARN_OBJC_IMPLICIT_RETAIN_SELF = YES;
				CLANG_WARN_OBJC_LITERAL_CONVERSION = YES;
				CLANG_WARN_OBJC_ROOT_CLASS = YES_ERROR;
				CLANG_WARN_RANGE_LOOP_ANALYSIS = YES;
				CLANG_WARN_STRICT_PROTOTYPES = YES;
				CLANG_WARN_SUSPICIOUS_MOVE = YES;
				CLANG_WARN_UNGUARDED_AVAILABILITY = YES_AGGRESSIVE;
				CLANG_WARN_UNREACHABLE_CODE = YES;
				CLANG_WARN__DUPLICATE_METHOD_MATCH = YES;
				CODE_SIGN_IDENTITY = "Mac Developer";
				COPY_PHASE_STRIP = NO;
				DEBUG_INFORMATION_FORMAT = dwarf;
				ENABLE_STRICT_OBJC_MSGSEND = YES;
				ENABLE_TESTABILITY = YES;
				GCC_C_LANGUAGE_STANDARD = gnu11;
				GCC_DYNAMIC_NO_PIC = NO;
				GCC_NO_COMMON_BLOCKS = YES;
				GCC_OPTIMIZATION_LEVEL = 0;
				GCC_PREPROCESSOR_DEFINITIONS = (
					"DEBUG=1",
					"$(inherited)",
				);
				GCC_WARN_64_TO_32_BIT_CONVERSION = YES;
				GCC_WARN_ABOUT_RETURN_TYPE = YES_ERROR;
				GCC_WARN_UNDECLARED_SELECTOR = YES;
				GCC_WARN_UNINITIALIZED_AUTOS = YES_AGGRESSIVE;
				GCC_WARN_UNUSED_FUNCTION = YES;
				GCC_WARN_UNUSED_VARIABLE = YES;
				MACOSX_DEPLOYMENT_TARGET = 10.14;
				MTL_ENABLE_DEBUG_INFO = YES;
				ONLY_ACTIVE_ARCH = YES;
				SDKROOT = macosx;
				SWIFT_ACTIVE_COMPILATION_CONDITIONS = DEBUG;
				SWIFT_OPTIMIZATION_LEVEL = "-Onone";
				SWIFT_VERSION = 5.0;
			};
			name = Debug;
		};
		55C1869A239583DD0081B6B7 /* Release */ = {
			isa = XCBuildConfiguration;
			buildSettings = {
				ALWAYS_SEARCH_USER_PATHS = NO;
				CLANG_ANALYZER_NONNULL = YES;
				CLANG_ANALYZER_NUMBER_OBJECT_CONVERSION = YES_AGGRESSIVE;
				CLANG_CXX_LANGUAGE_STANDARD = "gnu++14";
				CLANG_CXX_LIBRARY = "libc++";
				CLANG_ENABLE_MODULES = YES;
				CLANG_ENABLE_OBJC_ARC = YES;
				CLANG_ENABLE_OBJC_WEAK = YES;
				CLANG_WARN_BLOCK_CAPTURE_AUTORELEASING = YES;
				CLANG_WARN_BOOL_CONVERSION = YES;
				CLANG_WARN_COMMA = YES;
				CLANG_WARN_CONSTANT_CONVERSION = YES;
				CLANG_WARN_DEPRECATED_OBJC_IMPLEMENTATIONS = YES;
				CLANG_WARN_DIRECT_OBJC_ISA_USAGE = YES_ERROR;
				CLANG_WARN_DOCUMENTATION_COMMENTS = YES;
				CLANG_WARN_EMPTY_BODY = YES;
				CLANG_WARN_ENUM_CONVERSION = YES;
				CLANG_WARN_INFINITE_RECURSION = YES;
				CLANG_WARN_INT_CONVERSION = YES;
				CLANG_WARN_NON_LITERAL_NULL_CONVERSION = YES;
				CLANG_WARN_OBJC_IMPLICIT_RETAIN_SELF = YES;
				CLANG_WARN_OBJC_LITERAL_CONVERSION = YES;
				CLANG_WARN_OBJC_ROOT_CLASS = YES_ERROR;
				CLANG_WARN_RANGE_LOOP_ANALYSIS = YES;
				CLANG_WARN_STRICT_PROTOTYPES = YES;
				CLANG_WARN_SUSPICIOUS_MOVE = YES;
				CLANG_WARN_UNGUARDED_AVAILABILITY = YES_AGGRESSIVE;
				CLANG_WARN_UNREACHABLE_CODE = YES;
				CLANG_WARN__DUPLICATE_METHOD_MATCH = YES;
				CODE_SIGN_IDENTITY = "Mac Developer";
				COPY_PHASE_STRIP = NO;
				DEBUG_INFORMATION_FORMAT = "dwarf-with-dsym";
				ENABLE_NS_ASSERTIONS = NO;
				ENABLE_STRICT_OBJC_MSGSEND = YES;
				GCC_C_LANGUAGE_STANDARD = gnu11;
				GCC_NO_COMMON_BLOCKS = YES;
				GCC_WARN_64_TO_32_BIT_CONVERSION = YES;
				GCC_WARN_ABOUT_RETURN_TYPE = YES_ERROR;
				GCC_WARN_UNDECLARED_SELECTOR = YES;
				GCC_WARN_UNINITIALIZED_AUTOS = YES_AGGRESSIVE;
				GCC_WARN_UNUSED_FUNCTION = YES;
				GCC_WARN_UNUSED_VARIABLE = YES;
				MACOSX_DEPLOYMENT_TARGET = 10.14;
				MTL_ENABLE_DEBUG_INFO = NO;
				SDKROOT = macosx;
				SWIFT_COMPILATION_MODE = wholemodule;
				SWIFT_OPTIMIZATION_LEVEL = "-O";
				SWIFT_VERSION = 5.0;
			};
			name = Release;
		};
		55C1869C239583DD0081B6B7 /* Debug */ = {
			isa = XCBuildConfiguration;
			buildSettings = {
				ASSETCATALOG_COMPILER_APPICON_NAME = AppIcon;
				CODE_SIGN_ENTITLEMENTS = Ranger/Ranger.entitlements;
				CODE_SIGN_IDENTITY = "-";
				CODE_SIGN_STYLE = Automatic;
				COMBINE_HIDPI_IMAGES = YES;
				DEVELOPMENT_TEAM = NG36MJV4JP;
				INFOPLIST_FILE = Ranger/Info.plist;
				LD_RUNPATH_SEARCH_PATHS = (
					"$(inherited)",
					"@executable_path/../Frameworks",
				);
				PRODUCT_BUNDLE_IDENTIFIER = com.eppz.Ranger;
				PRODUCT_NAME = "$(TARGET_NAME)";
				SWIFT_VERSION = 5.0;
			};
			name = Debug;
		};
		55C1869D239583DD0081B6B7 /* Release */ = {
			isa = XCBuildConfiguration;
			buildSettings = {
				ASSETCATALOG_COMPILER_APPICON_NAME = AppIcon;
				CODE_SIGN_ENTITLEMENTS = Ranger/Ranger.entitlements;
				CODE_SIGN_IDENTITY = "-";
				CODE_SIGN_STYLE = Automatic;
				COMBINE_HIDPI_IMAGES = YES;
				DEVELOPMENT_TEAM = NG36MJV4JP;
				INFOPLIST_FILE = Ranger/Info.plist;
				LD_RUNPATH_SEARCH_PATHS = (
					"$(inherited)",
					"@executable_path/../Frameworks",
				);
				PRODUCT_BUNDLE_IDENTIFIER = com.eppz.Ranger;
				PRODUCT_NAME = "$(TARGET_NAME)";
				SWIFT_VERSION = 5.0;
			};
			name = Release;
		};
/* End XCBuildConfiguration section */

/* Begin XCConfigurationList section */
		55C18686239583DA0081B6B7 /* Build configuration list for PBXProject "Ranger" */ = {
			isa = XCConfigurationList;
			buildConfigurations = (
				55C18699239583DD0081B6B7 /* Debug */,
				55C1869A239583DD0081B6B7 /* Release */,
			);
			defaultConfigurationIsVisible = 0;
			defaultConfigurationName = Release;
		};
		55C1869B239583DD0081B6B7 /* Build configuration list for PBXNativeTarget "Ranger" */ = {
			isa = XCConfigurationList;
			buildConfigurations = (
				55C1869C239583DD0081B6B7 /* Debug */,
				55C1869D239583DD0081B6B7 /* Release */,
			);
			defaultConfigurationIsVisible = 0;
			defaultConfigurationName = Release;
		};
/* End XCConfigurationList section */

/* Begin XCRemoteSwiftPackageReference section */
		555EA84E239D3A62000B5B62 /* XCRemoteSwiftPackageReference "PostgresClientKit" */ = {
			isa = XCRemoteSwiftPackageReference;
			repositoryURL = "https://github.com/codewinsdotcom/PostgresClientKit";
			requirement = {
				kind = upToNextMajorVersion;
				minimumVersion = 1.0.0;
			};
		};
		558D35D4239F28F6006C710D /* XCRemoteSwiftPackageReference "XMLCoder" */ = {
			isa = XCRemoteSwiftPackageReference;
			repositoryURL = "https://github.com/MaxDesiatov/XMLCoder.git";
			requirement = {
				kind = upToNextMajorVersion;
				minimumVersion = 0.9.0;
			};
		};
/* End XCRemoteSwiftPackageReference section */

/* Begin XCSwiftPackageProductDependency section */
		555EA84F239D3A62000B5B62 /* PostgresClientKit */ = {
			isa = XCSwiftPackageProductDependency;
			package = 555EA84E239D3A62000B5B62 /* XCRemoteSwiftPackageReference "PostgresClientKit" */;
			productName = PostgresClientKit;
		};
		558D35D5239F28F6006C710D /* XMLCoder */ = {
			isa = XCSwiftPackageProductDependency;
			package = 558D35D4239F28F6006C710D /* XCRemoteSwiftPackageReference "XMLCoder" */;
			productName = XMLCoder;
		};
/* End XCSwiftPackageProductDependency section */
	};
	rootObject = 55C18683239583D90081B6B7 /* Project object */;
}
